
Microsoft Visual Studio Solution File, Format Version 12.00
# Visual Studio Version 16
VisualStudioVersion = 16.0.30309.148
MinimumVisualStudioVersion = 10.0.40219.1
Project("{FAE04EC0-301F-11D3-BF4B-00C04F79EFBC}") = "HelloWorld", "HelloWorld\HelloWorld.csproj", "{8E09CB8E-B96B-4A95-B480-B2A7027F5700}"
EndProject
Global
	GlobalSection(SolutionConfigurationPlatforms) = preSolution
		Debug|Any CPU = Debug|Any CPU
		Release|Any CPU = Release|Any CPU
	EndGlobalSection
	GlobalSection(ProjectConfigurationPlatforms) = postSolution
		{8E09CB8E-B96B-4A95-B480-B2A7027F5700}.Debug|Any CPU.ActiveCfg = Debug|Any CPU
		{8E09CB8E-B96B-4A95-B480-B2A7027F5700}.Debug|Any CPU.Build.0 = Debug|Any CPU
		{8E09CB8E-B96B-4A95-B480-B2A7027F5700}.Release|Any CPU.ActiveCfg = Release|Any CPU
		{8E09CB8E-B96B-4A95-B480-B2A7027F5700}.Release|Any CPU.Build.0 = Release|Any CPU
	EndGlobalSection
	GlobalSection(SolutionProperties) = preSolution
		HideSolutionNode = FALSE
	EndGlobalSection
	GlobalSection(ExtensibilityGlobals) = postSolution
		SolutionGuid = {3F9B825D-D198-4C43-A778-3DCE940CB164}
	EndGlobalSection
EndGlobal
